
Microsoft Visual Studio Solution File, Format Version 12.00
# Visual Studio Version 16
VisualStudioVersion = 16.0.33529.622
MinimumVisualStudioVersion = 10.0.40219.1
Project("{FAE04EC0-301F-11D3-BF4B-00C04F79EFBC}") = "prueba_git", "prueba_git\prueba_git.csproj", "{1BFBB67C-B00A-4FC6-9F6A-B2F2BBF0A02B}"
EndProject
Global
	GlobalSection(SolutionConfigurationPlatforms) = preSolution
		Debug|Any CPU = Debug|Any CPU
		Release|Any CPU = Release|Any CPU
	EndGlobalSection
	GlobalSection(ProjectConfigurationPlatforms) = postSolution
		{1BFBB67C-B00A-4FC6-9F6A-B2F2BBF0A02B}.Debug|Any CPU.ActiveCfg = Debug|Any CPU
		{1BFBB67C-B00A-4FC6-9F6A-B2F2BBF0A02B}.Debug|Any CPU.Build.0 = Debug|Any CPU
		{1BFBB67C-B00A-4FC6-9F6A-B2F2BBF0A02B}.Release|Any CPU.ActiveCfg = Release|Any CPU
		{1BFBB67C-B00A-4FC6-9F6A-B2F2BBF0A02B}.Release|Any CPU.Build.0 = Release|Any CPU
	EndGlobalSection
	GlobalSection(SolutionProperties) = preSolution
		HideSolutionNode = FALSE
	EndGlobalSection
	GlobalSection(ExtensibilityGlobals) = postSolution
		SolutionGuid = {99ECE181-34E5-4D5D-B2CB-7FC22FBBCB61}
	EndGlobalSection
EndGlobal
